
Microsoft Visual Studio Solution File, Format Version 12.00
# Visual Studio 15
VisualStudioVersion = 15.0.27703.2047
MinimumVisualStudioVersion = 10.0.40219.1
Project("{FAE04EC0-301F-11D3-BF4B-00C04F79EFBC}") = "Project_For_Graduation", "Project_For_Graduation\Project_For_Graduation.csproj", "{6132BAA7-0417-4803-B69C-E0CAE95E5C31}"
EndProject
Project("{FAE04EC0-301F-11D3-BF4B-00C04F79EFBC}") = "Model", "Model\Model.csproj", "{F2AEF1D2-4C32-4151-9F7E-1F526FBBE144}"
EndProject
Project("{FAE04EC0-301F-11D3-BF4B-00C04F79EFBC}") = "Common", "Common\Common.csproj", "{13754EAA-E035-46B8-9224-864400CA79B2}"
EndProject
Global
	GlobalSection(SolutionConfigurationPlatforms) = preSolution
		Debug|Any CPU = Debug|Any CPU
		Release|Any CPU = Release|Any CPU
	EndGlobalSection
	GlobalSection(ProjectConfigurationPlatforms) = postSolution
		{6132BAA7-0417-4803-B69C-E0CAE95E5C31}.Debug|Any CPU.ActiveCfg = Debug|Any CPU
		{6132BAA7-0417-4803-B69C-E0CAE95E5C31}.Debug|Any CPU.Build.0 = Debug|Any CPU
		{6132BAA7-0417-4803-B69C-E0CAE95E5C31}.Release|Any CPU.ActiveCfg = Release|Any CPU
		{6132BAA7-0417-4803-B69C-E0CAE95E5C31}.Release|Any CPU.Build.0 = Release|Any CPU
		{F2AEF1D2-4C32-4151-9F7E-1F526FBBE144}.Debug|Any CPU.ActiveCfg = Debug|Any CPU
		{F2AEF1D2-4C32-4151-9F7E-1F526FBBE144}.Debug|Any CPU.Build.0 = Debug|Any CPU
		{F2AEF1D2-4C32-4151-9F7E-1F526FBBE144}.Release|Any CPU.ActiveCfg = Release|Any CPU
		{F2AEF1D2-4C32-4151-9F7E-1F526FBBE144}.Release|Any CPU.Build.0 = Release|Any CPU
		{13754EAA-E035-46B8-9224-864400CA79B2}.Debug|Any CPU.ActiveCfg = Debug|Any CPU
		{13754EAA-E035-46B8-9224-864400CA79B2}.Debug|Any CPU.Build.0 = Debug|Any CPU
		{13754EAA-E035-46B8-9224-864400CA79B2}.Release|Any CPU.ActiveCfg = Release|Any CPU
		{13754EAA-E035-46B8-9224-864400CA79B2}.Release|Any CPU.Build.0 = Release|Any CPU
	EndGlobalSection
	GlobalSection(SolutionProperties) = preSolution
		HideSolutionNode = FALSE
	EndGlobalSection
	GlobalSection(ExtensibilityGlobals) = postSolution
		SolutionGuid = {4770C110-4E1E-4445-A25A-F32CCB1D6DA8}
	EndGlobalSection
	GlobalSection(TeamFoundationVersionControl) = preSolution
		SccNumberOfProjects = 4
		SccEnterpriseProvider = {4CA58AB2-18FA-4F8D-95D4-32DDF27D184C}
		SccTeamFoundationServer = http://118.69.135.209:8080/tfs/defaultcollection
		SccLocalPath0 = .
		SccProjectUniqueName1 = Project_For_Graduation\\Project_For_Graduation.csproj
		SccProjectName1 = Project_For_Graduation
		SccLocalPath1 = Project_For_Graduation
		SccProjectUniqueName2 = Model\\Model.csproj
		SccProjectName2 = Model
		SccLocalPath2 = Model
		SccProjectUniqueName3 = Common\\Common.csproj
		SccProjectName3 = Common
		SccLocalPath3 = Common
	EndGlobalSection
EndGlobal
